{
  "nodes": {
    "flake-utils": {
      "locked": {
        "lastModified": 1648297722,
        "narHash": "sha256-W+qlPsiZd8F3XkzXOzAoR+mpFqzm3ekQkJNa+PIh1BQ=",
        "owner": "numtide",
        "repo": "flake-utils",
        "rev": "0f8662f1319ad6abf89b3380dd2722369fc51ade",
        "type": "github"
      },
      "original": {
        "owner": "numtide",
        "repo": "flake-utils",
        "type": "github"
      }
    },
    "nix-npm-buildpackage": {
      "locked": {
        "lastModified": 1648040270,
        "narHash": "sha256-HZU4h2J5gre5ASHynlln+KoK7wgtFjsqkzVVG2XsFXM=",
        "owner": "serokell",
        "repo": "nix-npm-buildpackage",
        "rev": "881f4bfa68e33cd0fb69e6b739fb92f8d0bbe37e",
        "type": "github"
      },
      "original": {
        "owner": "serokell",
        "repo": "nix-npm-buildpackage",
        "type": "github"
      }
    },
    "nix-npm-buildpackage_2": {
      "locked": {
        "lastModified": 1648040270,
        "narHash": "sha256-HZU4h2J5gre5ASHynlln+KoK7wgtFjsqkzVVG2XsFXM=",
        "owner": "serokell",
        "repo": "nix-npm-buildpackage",
        "rev": "881f4bfa68e33cd0fb69e6b739fb92f8d0bbe37e",
        "type": "github"
      },
      "original": {
        "owner": "serokell",
        "repo": "nix-npm-buildpackage",
        "type": "github"
      }
    },
    "nixpkgs": {
      "locked": {
        "lastModified": 1652252629,
        "narHash": "sha256-SvT64apetqc8P5nYp1/fOZvUmHUPdPFUZbhSpKy+1aI=",
        "owner": "NixOS",
        "repo": "nixpkgs",
        "rev": "d2fc6856824cb87742177eefc8dd534bdb6c3439",
        "type": "github"
      },
      "original": {
        "id": "nixpkgs",
        "type": "indirect"
      }
    },
    "nixpkgs_2": {
      "locked": {
        "lastModified": 1648219316,
        "narHash": "sha256-Ctij+dOi0ZZIfX5eMhgwugfvB+WZSrvVNAyAuANOsnQ=",
        "owner": "NixOS",
        "repo": "nixpkgs",
        "rev": "30d3d79b7d3607d56546dd2a6b49e156ba0ec634",
        "type": "github"
      },
      "original": {
        "id": "nixpkgs",
        "type": "indirect"
      }
    },
    "npm-6-flake": {
      "inputs": {
        "flake-utils": "flake-utils",
        "nix-npm-buildpackage": "nix-npm-buildpackage_2",
        "nixpkgs": "nixpkgs_2"
      },
      "locked": {
        "lastModified": 1649481076,
        "narHash": "sha256-dZ+O0w6D9cHBHs8yxTCNNoIhtuuWh/bQVMrkyjeZ8yI=",
        "owner": "irisjae",
        "repo": "npm-6-flake",
        "rev": "44241bded36adf467863f6b12392ab2de7f489e0",
        "type": "github"
      },
      "original": {
        "owner": "irisjae",
        "repo": "npm-6-flake",
        "type": "github"
      }
    },
    "root": {
      "inputs": {
        "nix-npm-buildpackage": "nix-npm-buildpackage",
        "nixpkgs": "nixpkgs",
        "npm-6-flake": "npm-6-flake"
      }
    }
  },
  "root": "root",
  "version": 7
}
